
Microsoft Visual Studio Solution File, Format Version 12.00
# Visual Studio Version 17
VisualStudioVersion = 17.8.34309.116
MinimumVisualStudioVersion = 10.0.40219.1
Project("{FAE04EC0-301F-11D3-BF4B-00C04F79EFBC}") = "SpecificationsTest", "SpecificationsTest.csproj", "{5132E8CC-3199-4C7D-A557-2DE2BC6832AA}"
EndProject
Global
	GlobalSection(SolutionConfigurationPlatforms) = preSolution
		Debug|Any CPU = Debug|Any CPU
		Release|Any CPU = Release|Any CPU
	EndGlobalSection
	GlobalSection(ProjectConfigurationPlatforms) = postSolution
		{5132E8CC-3199-4C7D-A557-2DE2BC6832AA}.Debug|Any CPU.ActiveCfg = Debug|Any CPU
		{5132E8CC-3199-4C7D-A557-2DE2BC6832AA}.Debug|Any CPU.Build.0 = Debug|Any CPU
		{5132E8CC-3199-4C7D-A557-2DE2BC6832AA}.Release|Any CPU.ActiveCfg = Release|Any CPU
		{5132E8CC-3199-4C7D-A557-2DE2BC6832AA}.Release|Any CPU.Build.0 = Release|Any CPU
	EndGlobalSection
	GlobalSection(SolutionProperties) = preSolution
		HideSolutionNode = FALSE
	EndGlobalSection
	GlobalSection(ExtensibilityGlobals) = postSolution
		SolutionGuid = {EF6CF64A-3EFE-4D9E-A026-99C6E94E01F3}
	EndGlobalSection
EndGlobal
